<?xml version="1.0" encoding="utf-8"?>
<Project ToolsVersion="4.0" xmlns="http://schemas.microsoft.com/developer/msbuild/2003">
  <ItemGroup>
    <Filter Include="Source Files">
      <UniqueIdentifier>{4FC737F1-C7A5-4376-A066-2A32D752A2FF}</UniqueIdentifier>
      <Extensions>cpp;cxx;c;def</Extensions>
    </Filter>
    <Filter Include="Header Files">
      <UniqueIdentifier>{93995380-89BD-4b04-88EB-625FBE52EBFB}</UniqueIdentifier>
      <Extensions>h</Extensions>
    </Filter>
    <Filter Include="Form Files">
      <UniqueIdentifier>{99349809-55BA-4b9d-BF79-8FDBB0286EB3}</UniqueIdentifier>
      <Extensions>ui</Extensions>
    </Filter>
    <Filter Include="Resource Files">
      <UniqueIdentifier>{D9D6E242-F8AF-46E4-B9FD-80ECBC20BA3E}</UniqueIdentifier>
      <Extensions>qrc;*</Extensions>
      <ParseFiles>false</ParseFiles>
    </Filter>
    <Filter Include="Generated Files">
      <UniqueIdentifier>{71ED8ED8-ACB9-4CE9-BBE1-E00B30144E11}</UniqueIdentifier>
      <Extensions>moc;h;cpp</Extensions>
      <SourceControlFiles>False</SourceControlFiles>
    </Filter>
    <Filter Include="Translation Files">
      <UniqueIdentifier>{639EADAA-A684-42e4-A9AD-28FC9BCB8F7C}</UniqueIdentifier>
      <Extensions>ts</Extensions>
      <ParseFiles>false</ParseFiles>
    </Filter>
    <Filter Include="Generated Files\Release">
      <UniqueIdentifier>{222c6452-839a-44b1-b8a7-e56d7b6e1dd0}</UniqueIdentifier>
    </Filter>
    <Filter Include="Generated Files\Debug">
      <UniqueIdentifier>{64dc5498-d766-49f9-a31a-c65eedefa1c9}</UniqueIdentifier>
    </Filter>
  </ItemGroup>
  <ItemGroup>
    <ClCompile Include="main.cpp">
      <Filter>Source Files</Filter>
    </ClCompile>
    <ClCompile Include="GeneratedFiles\qrc_gtscontrolcenter.cpp">
      <Filter>Generated Files</Filter>
    </ClCompile>
    <ClCompile Include="hexspinbox.cpp">
      <Filter>Source Files</Filter>
    </ClCompile>
    <ClCompile Include="diyspinbox.cpp">
      <Filter>Source Files</Filter>
    </ClCompile>
    <ClCompile Include="diyscrollarea.cpp">
      <Filter>Source Files</Filter>
    </ClCompile>
    <ClCompile Include="mainwindow.cpp">
      <Filter>Source Files</Filter>
    </ClCompile>
    <ClCompile Include="imageproc.cpp">
      <Filter>Source Files</Filter>
    </ClCompile>
    <ClCompile Include="histogram.cpp">
      <Filter>Source Files</Filter>
    </ClCompile>
    <ClCompile Include="axisoperate.cpp">
      <Filter>Source Files</Filter>
    </ClCompile>
    <ClCompile Include="pictuerdisplay.cpp">
      <Filter>Source Files</Filter>
    </ClCompile>
    <ClCompile Include="threadinfo.cpp">
      <Filter>Source Files</Filter>
    </ClCompile>
    <ClCompile Include="motionmode.cpp">
      <Filter>Source Files</Filter>
    </ClCompile>
    <ClCompile Include="selecteimage.cpp">
      <Filter>Source Files</Filter>
    </ClCompile>
    <ClCompile Include="axisstatmonitor.cpp">
      <Filter>Source Files</Filter>
    </ClCompile>
    <ClCompile Include="axismotioninfo.cpp">
      <Filter>Source Files</Filter>
    </ClCompile>
    <ClCompile Include="motioninfo.cpp">
      <Filter>Source Files</Filter>
    </ClCompile>
    <ClCompile Include="motioncontrol.cpp">
      <Filter>Source Files</Filter>
    </ClCompile>
    <ClCompile Include="jogopt.cpp">
      <Filter>Source Files</Filter>
    </ClCompile>
    <ClCompile Include="pointposopt.cpp">
      <Filter>Source Files</Filter>
    </ClCompile>
    <ClCompile Include="pidsetting.cpp">
      <Filter>Source Files</Filter>
    </ClCompile>
    <ClCompile Include="tomotionmodedata.cpp">
      <Filter>Source Files</Filter>
    </ClCompile>
    <ClCompile Include="diycircularslider.cpp">
      <Filter>Source Files</Filter>
    </ClCompile>
    <ClCompile Include="diydockwidget.cpp">
      <Filter>Source Files</Filter>
    </ClCompile>
    <ClCompile Include="axismotionthread.cpp">
      <Filter>Source Files</Filter>
    </ClCompile>
    <ClCompile Include="plotwidget.cpp">
      <Filter>Source Files</Filter>
    </ClCompile>
    <ClCompile Include="plotbuffer.cpp">
      <Filter>Source Files</Filter>
    </ClCompile>
    <ClCompile Include="GeneratedFiles\Debug\moc_axismotioninfo.cpp">
      <Filter>Generated Files\Debug</Filter>
    </ClCompile>
    <ClCompile Include="GeneratedFiles\Debug\moc_axismotionthread.cpp">
      <Filter>Generated Files\Debug</Filter>
    </ClCompile>
    <ClCompile Include="GeneratedFiles\Debug\moc_axisoperate.cpp">
      <Filter>Generated Files\Debug</Filter>
    </ClCompile>
    <ClCompile Include="GeneratedFiles\Debug\moc_axisstatmonitor.cpp">
      <Filter>Generated Files\Debug</Filter>
    </ClCompile>
    <ClCompile Include="GeneratedFiles\Debug\moc_diycircularslider.cpp">
      <Filter>Generated Files\Debug</Filter>
    </ClCompile>
    <ClCompile Include="GeneratedFiles\Debug\moc_diydockwidget.cpp">
      <Filter>Generated Files\Debug</Filter>
    </ClCompile>
    <ClCompile Include="GeneratedFiles\Debug\moc_diyscrollarea.cpp">
      <Filter>Generated Files\Debug</Filter>
    </ClCompile>
    <ClCompile Include="GeneratedFiles\Debug\moc_diyspinbox.cpp">
      <Filter>Generated Files\Debug</Filter>
    </ClCompile>
    <ClCompile Include="GeneratedFiles\Debug\moc_hexspinbox.cpp">
      <Filter>Generated Files\Debug</Filter>
    </ClCompile>
    <ClCompile Include="GeneratedFiles\Debug\moc_histogram.cpp">
      <Filter>Generated Files\Debug</Filter>
    </ClCompile>
    <ClCompile Include="GeneratedFiles\Debug\moc_imageproc.cpp">
      <Filter>Generated Files\Debug</Filter>
    </ClCompile>
    <ClCompile Include="GeneratedFiles\Debug\moc_jogopt.cpp">
      <Filter>Generated Files\Debug</Filter>
    </ClCompile>
    <ClCompile Include="GeneratedFiles\Debug\moc_mainwindow.cpp">
      <Filter>Generated Files\Debug</Filter>
    </ClCompile>
    <ClCompile Include="GeneratedFiles\Debug\moc_motioncontrol.cpp">
      <Filter>Generated Files\Debug</Filter>
    </ClCompile>
    <ClCompile Include="GeneratedFiles\Debug\moc_motioninfo.cpp">
      <Filter>Generated Files\Debug</Filter>
    </ClCompile>
    <ClCompile Include="GeneratedFiles\Debug\moc_motionmode.cpp">
      <Filter>Generated Files\Debug</Filter>
    </ClCompile>
    <ClCompile Include="GeneratedFiles\Debug\moc_pictuerdisplay.cpp">
      <Filter>Generated Files\Debug</Filter>
    </ClCompile>
    <ClCompile Include="GeneratedFiles\Debug\moc_pidsetting.cpp">
      <Filter>Generated Files\Debug</Filter>
    </ClCompile>
    <ClCompile Include="GeneratedFiles\Debug\moc_plotbuffer.cpp">
      <Filter>Generated Files\Debug</Filter>
    </ClCompile>
    <ClCompile Include="GeneratedFiles\Debug\moc_plotwidget.cpp">
      <Filter>Generated Files\Debug</Filter>
    </ClCompile>
    <ClCompile Include="GeneratedFiles\Debug\moc_pointposopt.cpp">
      <Filter>Generated Files\Debug</Filter>
    </ClCompile>
    <ClCompile Include="GeneratedFiles\Debug\moc_selecteimage.cpp">
      <Filter>Generated Files\Debug</Filter>
    </ClCompile>
    <ClCompile Include="GeneratedFiles\Debug\moc_tomotionmodedata.cpp">
      <Filter>Generated Files\Debug</Filter>
    </ClCompile>
    <ClCompile Include="GeneratedFiles\Debug\moc_threadinfo.cpp">
      <Filter>Generated Files\Debug</Filter>
    </ClCompile>
    <ClCompile Include="GeneratedFiles\Debug\moc_axispropertysheet.cpp">
      <Filter>Generated Files\Debug</Filter>
    </ClCompile>
    <ClCompile Include="GeneratedFiles\Release\moc_axispropertysheet.cpp">
      <Filter>Generated Files\Release</Filter>
    </ClCompile>
    <ClCompile Include="axispropertysheet.cpp">
      <Filter>Source Files</Filter>
    </ClCompile>
    <ClCompile Include="camera.cpp">
      <Filter>Source Files</Filter>
    </ClCompile>
    <ClCompile Include="GeneratedFiles\Debug\moc_camera.cpp">
      <Filter>Generated Files\Debug</Filter>
    </ClCompile>
    <ClCompile Include="GeneratedFiles\Release\moc_camera.cpp">
      <Filter>Generated Files\Release</Filter>
    </ClCompile>
    <ClCompile Include="Listener.cpp">
      <Filter>Source Files</Filter>
    </ClCompile>
    <ClCompile Include="imglabel.cpp">
      <Filter>Source Files</Filter>
    </ClCompile>
    <ClCompile Include="GeneratedFiles\Debug\moc_imglabel.cpp">
      <Filter>Generated Files\Debug</Filter>
    </ClCompile>
    <ClCompile Include="GeneratedFiles\Release\moc_imglabel.cpp">
      <Filter>Generated Files\Release</Filter>
    </ClCompile>
    <ClCompile Include="WRFilter.cpp">
      <Filter>Source Files</Filter>
    </ClCompile>
  </ItemGroup>
  <ItemGroup>
    <CustomBuild Include="gtscontrolcenter.qrc">
      <Filter>Resource Files</Filter>
    </CustomBuild>
    <CustomBuild Include="hexspinbox.h">
      <Filter>Header Files</Filter>
    </CustomBuild>
    <CustomBuild Include="diyspinbox.h">
      <Filter>Header Files</Filter>
    </CustomBuild>
    <CustomBuild Include="diyspinbox.ui">
      <Filter>Form Files</Filter>
    </CustomBuild>
    <CustomBuild Include="diyscrollarea.h">
      <Filter>Header Files</Filter>
    </CustomBuild>
    <CustomBuild Include="mainwindow.h">
      <Filter>Header Files</Filter>
    </CustomBuild>
    <CustomBuild Include="imageproc.h">
      <Filter>Header Files</Filter>
    </CustomBuild>
    <CustomBuild Include="imageproc.ui">
      <Filter>Form Files</Filter>
    </CustomBuild>
    <CustomBuild Include="histogram.h">
      <Filter>Header Files</Filter>
    </CustomBuild>
    <CustomBuild Include="histogram.ui">
      <Filter>Form Files</Filter>
    </CustomBuild>
    <CustomBuild Include="axisoperate.h">
      <Filter>Header Files</Filter>
    </CustomBuild>
    <CustomBuild Include="axisoperate.ui">
      <Filter>Form Files</Filter>
    </CustomBuild>
    <CustomBuild Include="pictuerdisplay.h">
      <Filter>Header Files</Filter>
    </CustomBuild>
    <CustomBuild Include="pictuerdisplay.ui">
      <Filter>Form Files</Filter>
    </CustomBuild>
    <CustomBuild Include="threadinfo.h">
      <Filter>Header Files</Filter>
    </CustomBuild>
    <CustomBuild Include="threadinfo.ui">
      <Filter>Form Files</Filter>
    </CustomBuild>
    <CustomBuild Include="motionmode.h">
      <Filter>Header Files</Filter>
    </CustomBuild>
    <CustomBuild Include="motionmode.ui">
      <Filter>Form Files</Filter>
    </CustomBuild>
    <CustomBuild Include="selecteimage.h">
      <Filter>Header Files</Filter>
    </CustomBuild>
    <CustomBuild Include="selecteimage.ui">
      <Filter>Form Files</Filter>
    </CustomBuild>
    <CustomBuild Include="axisstatmonitor.h">
      <Filter>Header Files</Filter>
    </CustomBuild>
    <CustomBuild Include="axismotioninfo.h">
      <Filter>Header Files</Filter>
    </CustomBuild>
    <CustomBuild Include="axismotioninfo.ui">
      <Filter>Form Files</Filter>
    </CustomBuild>
    <CustomBuild Include="motioninfo.h">
      <Filter>Header Files</Filter>
    </CustomBuild>
    <CustomBuild Include="motioncontrol.h">
      <Filter>Header Files</Filter>
    </CustomBuild>
    <CustomBuild Include="jogopt.h">
      <Filter>Header Files</Filter>
    </CustomBuild>
    <CustomBuild Include="jogopt.ui">
      <Filter>Form Files</Filter>
    </CustomBuild>
    <CustomBuild Include="pointposopt.h">
      <Filter>Header Files</Filter>
    </CustomBuild>
    <CustomBuild Include="pointposopt.ui">
      <Filter>Form Files</Filter>
    </CustomBuild>
    <CustomBuild Include="pidsetting.h">
      <Filter>Header Files</Filter>
    </CustomBuild>
    <CustomBuild Include="pidsetting.ui">
      <Filter>Form Files</Filter>
    </CustomBuild>
    <CustomBuild Include="tomotionmodedata.h">
      <Filter>Header Files</Filter>
    </CustomBuild>
    <CustomBuild Include="diycircularslider.h">
      <Filter>Header Files</Filter>
    </CustomBuild>
    <CustomBuild Include="diydockwidget.h">
      <Filter>Header Files</Filter>
    </CustomBuild>
    <CustomBuild Include="axismotionthread.h">
      <Filter>Header Files</Filter>
    </CustomBuild>
    <CustomBuild Include="plotwidget.h">
      <Filter>Header Files</Filter>
    </CustomBuild>
    <CustomBuild Include="plotwidget.ui">
      <Filter>Form Files</Filter>
    </CustomBuild>
    <CustomBuild Include="plotbuffer.h">
      <Filter>Header Files</Filter>
    </CustomBuild>
    <CustomBuild Include="axispropertysheet.h">
      <Filter>Header Files</Filter>
    </CustomBuild>
    <CustomBuild Include="mainwindow.ui">
      <Filter>Generated Files</Filter>
    </CustomBuild>
    <CustomBuild Include="camera.h">
      <Filter>Header Files</Filter>
    </CustomBuild>
    <CustomBuild Include="camera.ui">
      <Filter>Form Files</Filter>
    </CustomBuild>
    <CustomBuild Include="imglabel.h">
      <Filter>Header Files</Filter>
    </CustomBuild>
  </ItemGroup>
  <ItemGroup>
    <ClInclude Include="GeneratedFiles\ui_diyspinbox.h">
      <Filter>Generated Files</Filter>
    </ClInclude>
    <ClInclude Include="GeneratedFiles\ui_mainwindow.h">
      <Filter>Generated Files</Filter>
    </ClInclude>
    <ClInclude Include="GeneratedFiles\ui_imageproc.h">
      <Filter>Generated Files</Filter>
    </ClInclude>
    <ClInclude Include="GeneratedFiles\ui_histogram.h">
      <Filter>Generated Files</Filter>
    </ClInclude>
    <ClInclude Include="GeneratedFiles\ui_axisoperate.h">
      <Filter>Generated Files</Filter>
    </ClInclude>
    <ClInclude Include="GeneratedFiles\ui_pictuerdisplay.h">
      <Filter>Generated Files</Filter>
    </ClInclude>
    <ClInclude Include="GeneratedFiles\ui_threadinfo.h">
      <Filter>Generated Files</Filter>
    </ClInclude>
    <ClInclude Include="GeneratedFiles\ui_motionmode.h">
      <Filter>Generated Files</Filter>
    </ClInclude>
    <ClInclude Include="GeneratedFiles\ui_selecteimage.h">
      <Filter>Generated Files</Filter>
    </ClInclude>
    <ClInclude Include="GeneratedFiles\ui_axismotioninfo.h">
      <Filter>Generated Files</Filter>
    </ClInclude>
    <ClInclude Include="GeneratedFiles\ui_jogopt.h">
      <Filter>Generated Files</Filter>
    </ClInclude>
    <ClInclude Include="GeneratedFiles\ui_pointposopt.h">
      <Filter>Generated Files</Filter>
    </ClInclude>
    <ClInclude Include="GeneratedFiles\ui_pidsetting.h">
      <Filter>Generated Files</Filter>
    </ClInclude>
    <ClInclude Include="resource.h">
      <Filter>Header Files</Filter>
    </ClInclude>
    <ClInclude Include="GeneratedFiles\ui_plotwidget.h">
      <Filter>Generated Files</Filter>
    </ClInclude>
    <ClInclude Include="imgcapture.h">
      <Filter>Header Files</Filter>
    </ClInclude>
    <ClInclude Include="GeneratedFiles\ui_camera.h">
      <Filter>Generated Files</Filter>
    </ClInclude>
    <ClInclude Include="Listener.h">
      <Filter>Header Files</Filter>
    </ClInclude>
    <ClInclude Include="assisstclass.h">
      <Filter>Header Files</Filter>
    </ClInclude>
    <ClInclude Include="WRFilter.h">
      <Filter>Header Files</Filter>
    </ClInclude>
  </ItemGroup>
  <ItemGroup>
    <None Include="gtscontrolcenter_zh.ts">
      <Filter>Translation Files</Filter>
    </None>
    <None Include="gtscontrolcenter_zh.qm">
      <Filter>Translation Files</Filter>
    </None>
    <None Include="gtscontrolcenter_en.ts">
      <Filter>Translation Files</Filter>
    </None>
    <None Include="gtscontrolcenter_en.qm">
      <Filter>Translation Files</Filter>
    </None>
    <None Include="GTS-400.cfg">
      <Filter>Resource Files</Filter>
    </None>
  </ItemGroup>
  <ItemGroup>
    <ResourceCompile Include="GtsControlCenter.rc" />
  </ItemGroup>
</Project>